
Microsoft Visual Studio Solution File, Format Version 12.00
# Visual Studio Version 17
VisualStudioVersion = 17.0.32112.339
MinimumVisualStudioVersion = 10.0.40219.1
Project("{9A19103F-16F7-4668-BE54-9A1E7A4F7556}") = "Fayble", "src\Fayble\Fayble.csproj", "{FFCCE16D-4B1F-4C7B-8693-9422B7B9A3C9}"
EndProject
Project("{9A19103F-16F7-4668-BE54-9A1E7A4F7556}") = "Fayble.Domain", "src\Fayble.Domain\Fayble.Domain.csproj", "{D92B1A13-E5EC-41F5-861D-A367C123C535}"
EndProject
Project("{9A19103F-16F7-4668-BE54-9A1E7A4F7556}") = "Fayble.Core", "src\Fayble.Core\Fayble.Core.csproj", "{35CABE93-04C7-4143-9947-0ECB85B8A95D}"
EndProject
Project("{9A19103F-16F7-4668-BE54-9A1E7A4F7556}") = "Fayble.Services", "src\Fayble.Services\Fayble.Services.csproj", "{486AFD93-AC49-45B2-8BD6-1C54F95DAC93}"
EndProject
Project("{9A19103F-16F7-4668-BE54-9A1E7A4F7556}") = "Fayble.Infrastructure", "src\Fayble.Infrastructure\Fayble.Infrastructure.csproj", "{516A5817-D820-4B53-8D27-DF3BE86B681A}"
EndProject
Project("{9A19103F-16F7-4668-BE54-9A1E7A4F7556}") = "Fayble.Security", "src\Fayble.Security\Fayble.Security.csproj", "{3ED7F04D-2F23-4E57-817A-0C9B1620E704}"
EndProject
Project("{9A19103F-16F7-4668-BE54-9A1E7A4F7556}") = "Fayble.Models", "src\Fayble.Models\Fayble.Models.csproj", "{8DEB94CC-A9BC-418B-9646-48EEEC603FBE}"
EndProject
Project("{9A19103F-16F7-4668-BE54-9A1E7A4F7556}") = "Fayble.Infrastructure.Tests", "tests\Fayble.Infrastructure.Tests\Fayble.Infrastructure.Tests.csproj", "{07316060-2759-4CB0-9D48-80D3EFB6F1D6}"
EndProject
Project("{2150E333-8FDC-42A3-9474-1A3956D46DE8}") = "tests", "tests", "{182C5D51-D9D6-47D4-A9D7-74F9DF6634C4}"
EndProject
Project("{9A19103F-16F7-4668-BE54-9A1E7A4F7556}") = "Fayble.Database", "src\Fayble.Database\Fayble.Database.csproj", "{75042522-B59D-4CC3-8819-4E6058280364}"
EndProject
Project("{9A19103F-16F7-4668-BE54-9A1E7A4F7556}") = "Fayble.Domain.Tests", "tests\Fayble.Domain.Tests\Fayble.Domain.Tests.csproj", "{0C498EA1-1144-4B0C-A2C8-7BAAC646C4DB}"
EndProject
Project("{FAE04EC0-301F-11D3-BF4B-00C04F79EFBC}") = "Fayble.Integration", "src\Fayble.Integration\Fayble.Integration.csproj", "{9A621D5E-E4D6-44D3-93B1-AD12FA0B4373}"
EndProject
Global
	GlobalSection(SolutionConfigurationPlatforms) = preSolution
		Debug|Any CPU = Debug|Any CPU
		Release|Any CPU = Release|Any CPU
	EndGlobalSection
	GlobalSection(ProjectConfigurationPlatforms) = postSolution
		{FFCCE16D-4B1F-4C7B-8693-9422B7B9A3C9}.Debug|Any CPU.ActiveCfg = Debug|Any CPU
		{FFCCE16D-4B1F-4C7B-8693-9422B7B9A3C9}.Debug|Any CPU.Build.0 = Debug|Any CPU
		{FFCCE16D-4B1F-4C7B-8693-9422B7B9A3C9}.Release|Any CPU.ActiveCfg = Release|Any CPU
		{FFCCE16D-4B1F-4C7B-8693-9422B7B9A3C9}.Release|Any CPU.Build.0 = Release|Any CPU
		{D92B1A13-E5EC-41F5-861D-A367C123C535}.Debug|Any CPU.ActiveCfg = Debug|Any CPU
		{D92B1A13-E5EC-41F5-861D-A367C123C535}.Debug|Any CPU.Build.0 = Debug|Any CPU
		{D92B1A13-E5EC-41F5-861D-A367C123C535}.Release|Any CPU.ActiveCfg = Release|Any CPU
		{D92B1A13-E5EC-41F5-861D-A367C123C535}.Release|Any CPU.Build.0 = Release|Any CPU
		{35CABE93-04C7-4143-9947-0ECB85B8A95D}.Debug|Any CPU.ActiveCfg = Debug|Any CPU
		{35CABE93-04C7-4143-9947-0ECB85B8A95D}.Debug|Any CPU.Build.0 = Debug|Any CPU
		{35CABE93-04C7-4143-9947-0ECB85B8A95D}.Release|Any CPU.ActiveCfg = Release|Any CPU
		{35CABE93-04C7-4143-9947-0ECB85B8A95D}.Release|Any CPU.Build.0 = Release|Any CPU
		{486AFD93-AC49-45B2-8BD6-1C54F95DAC93}.Debug|Any CPU.ActiveCfg = Debug|Any CPU
		{486AFD93-AC49-45B2-8BD6-1C54F95DAC93}.Debug|Any CPU.Build.0 = Debug|Any CPU
		{486AFD93-AC49-45B2-8BD6-1C54F95DAC93}.Release|Any CPU.ActiveCfg = Release|Any CPU
		{486AFD93-AC49-45B2-8BD6-1C54F95DAC93}.Release|Any CPU.Build.0 = Release|Any CPU
		{516A5817-D820-4B53-8D27-DF3BE86B681A}.Debug|Any CPU.ActiveCfg = Debug|Any CPU
		{516A5817-D820-4B53-8D27-DF3BE86B681A}.Debug|Any CPU.Build.0 = Debug|Any CPU
		{516A5817-D820-4B53-8D27-DF3BE86B681A}.Release|Any CPU.ActiveCfg = Release|Any CPU
		{516A5817-D820-4B53-8D27-DF3BE86B681A}.Release|Any CPU.Build.0 = Release|Any CPU
		{3ED7F04D-2F23-4E57-817A-0C9B1620E704}.Debug|Any CPU.ActiveCfg = Debug|Any CPU
		{3ED7F04D-2F23-4E57-817A-0C9B1620E704}.Debug|Any CPU.Build.0 = Debug|Any CPU
		{3ED7F04D-2F23-4E57-817A-0C9B1620E704}.Release|Any CPU.ActiveCfg = Release|Any CPU
		{3ED7F04D-2F23-4E57-817A-0C9B1620E704}.Release|Any CPU.Build.0 = Release|Any CPU
		{8DEB94CC-A9BC-418B-9646-48EEEC603FBE}.Debug|Any CPU.ActiveCfg = Debug|Any CPU
		{8DEB94CC-A9BC-418B-9646-48EEEC603FBE}.Debug|Any CPU.Build.0 = Debug|Any CPU
		{8DEB94CC-A9BC-418B-9646-48EEEC603FBE}.Release|Any CPU.ActiveCfg = Release|Any CPU
		{8DEB94CC-A9BC-418B-9646-48EEEC603FBE}.Release|Any CPU.Build.0 = Release|Any CPU
		{07316060-2759-4CB0-9D48-80D3EFB6F1D6}.Debug|Any CPU.ActiveCfg = Debug|Any CPU
		{07316060-2759-4CB0-9D48-80D3EFB6F1D6}.Debug|Any CPU.Build.0 = Debug|Any CPU
		{07316060-2759-4CB0-9D48-80D3EFB6F1D6}.Release|Any CPU.ActiveCfg = Release|Any CPU
		{07316060-2759-4CB0-9D48-80D3EFB6F1D6}.Release|Any CPU.Build.0 = Release|Any CPU
		{75042522-B59D-4CC3-8819-4E6058280364}.Debug|Any CPU.ActiveCfg = Debug|Any CPU
		{75042522-B59D-4CC3-8819-4E6058280364}.Debug|Any CPU.Build.0 = Debug|Any CPU
		{75042522-B59D-4CC3-8819-4E6058280364}.Release|Any CPU.ActiveCfg = Release|Any CPU
		{75042522-B59D-4CC3-8819-4E6058280364}.Release|Any CPU.Build.0 = Release|Any CPU
		{0C498EA1-1144-4B0C-A2C8-7BAAC646C4DB}.Debug|Any CPU.ActiveCfg = Debug|Any CPU
		{0C498EA1-1144-4B0C-A2C8-7BAAC646C4DB}.Debug|Any CPU.Build.0 = Debug|Any CPU
		{0C498EA1-1144-4B0C-A2C8-7BAAC646C4DB}.Release|Any CPU.ActiveCfg = Release|Any CPU
		{0C498EA1-1144-4B0C-A2C8-7BAAC646C4DB}.Release|Any CPU.Build.0 = Release|Any CPU
		{9A621D5E-E4D6-44D3-93B1-AD12FA0B4373}.Debug|Any CPU.ActiveCfg = Debug|Any CPU
		{9A621D5E-E4D6-44D3-93B1-AD12FA0B4373}.Debug|Any CPU.Build.0 = Debug|Any CPU
		{9A621D5E-E4D6-44D3-93B1-AD12FA0B4373}.Release|Any CPU.ActiveCfg = Release|Any CPU
		{9A621D5E-E4D6-44D3-93B1-AD12FA0B4373}.Release|Any CPU.Build.0 = Release|Any CPU
	EndGlobalSection
	GlobalSection(SolutionProperties) = preSolution
		HideSolutionNode = FALSE
	EndGlobalSection
	GlobalSection(NestedProjects) = preSolution
		{07316060-2759-4CB0-9D48-80D3EFB6F1D6} = {182C5D51-D9D6-47D4-A9D7-74F9DF6634C4}
		{0C498EA1-1144-4B0C-A2C8-7BAAC646C4DB} = {182C5D51-D9D6-47D4-A9D7-74F9DF6634C4}
	EndGlobalSection
	GlobalSection(ExtensibilityGlobals) = postSolution
		SolutionGuid = {37791C0D-B6AA-4FA3-801D-6ABDED91BEA3}
	EndGlobalSection
EndGlobal
